
Microsoft Visual Studio Solution File, Format Version 12.00
# Visual Studio 2012
Project("{8BC9CEB8-8B4A-11D0-8D11-00A0C91BC942}") = "1_HelloOpenCV", "1_HelloOpenCV\1_HelloOpenCV.vcxproj", "{0F120EFC-1024-43DC-94DF-92A206718EFB}"
EndProject
Project("{8BC9CEB8-8B4A-11D0-8D11-00A0C91BC942}") = "2_ShowImage", "2_ShowImage\2_ShowImage.vcxproj", "{E9C85D34-E3B5-47E3-9F75-D8E71B2B2931}"
EndProject
Project("{8BC9CEB8-8B4A-11D0-8D11-00A0C91BC942}") = "3_ImageErode", "3_ImageErode\3_ImageErode.vcxproj", "{65FCD21E-B62D-4A5D-947A-613908CD5D1A}"
EndProject
Project("{8BC9CEB8-8B4A-11D0-8D11-00A0C91BC942}") = "4_BlurImage", "3_BlurImage\3_BlurImage.vcxproj", "{DB0CA68A-D598-4404-B69A-0B87EBA1DCF8}"
EndProject
Project("{8BC9CEB8-8B4A-11D0-8D11-00A0C91BC942}") = "5_CannyImage", "5_CannyImage\5_CannyImage.vcxproj", "{0921F6BA-852C-4830-8902-96E1308F174E}"
EndProject
Project("{8BC9CEB8-8B4A-11D0-8D11-00A0C91BC942}") = "6_PlayVideo", "6_PlayVideo\6_PlayVideo.vcxproj", "{CEF9F89C-6BF4-4512-85CF-A69C906E66F2}"
EndProject
Project("{8BC9CEB8-8B4A-11D0-8D11-00A0C91BC942}") = "7_UseCamera", "7_UseCamera\7_UseCamera.vcxproj", "{CFFD4E48-F284-4E99-BCA9-9E56C7347302}"
EndProject
Project("{8BC9CEB8-8B4A-11D0-8D11-00A0C91BC942}") = "8_CamShiftDemo", "8_CamShiftDemo\8_CamShiftDemo.vcxproj", "{1491081B-802F-4EA6-81EF-7E008E581638}"
EndProject
Project("{8BC9CEB8-8B4A-11D0-8D11-00A0C91BC942}") = "9_OpticalFlow", "9_OpticalFlow\9_OpticalFlow.vcxproj", "{A005542E-E62C-4845-ADFE-75963B8CFDC4}"
EndProject
Project("{8BC9CEB8-8B4A-11D0-8D11-00A0C91BC942}") = "10_lkdemo", "10_lkdemo\10_lkdemo.vcxproj", "{EDE13B2D-B7E6-4C64-B0EC-4E2210F191B8}"
EndProject
Project("{8BC9CEB8-8B4A-11D0-8D11-00A0C91BC942}") = "11_ObjectDetection", "11_ObjectDetection\11_ObjectDetection.vcxproj", "{B31D4ECD-F533-428E-9BB6-93F25908EEBB}"
EndProject
Project("{8BC9CEB8-8B4A-11D0-8D11-00A0C91BC942}") = "12_SupportVectorMachines", "12_SupportVectorMachines\12_SupportVectorMachines.vcxproj", "{747434CE-3B21-48A4-819B-0692A7F795FC}"
EndProject
Project("{8BC9CEB8-8B4A-11D0-8D11-00A0C91BC942}") = "13_SVMForNonLinearlySeparableData", "13_SVMForNonLinearlySeparableData\13_SVMForNonLinearlySeparableData.vcxproj", "{8BA11DEF-4253-4210-9732-110215E3E014}"
EndProject
Project("{8BC9CEB8-8B4A-11D0-8D11-00A0C91BC942}") = "15_UseImwrite", "15_UseImwrite\15_UseImwrite.vcxproj", "{CD9E9D52-8B6F-4936-9474-51510701284E}"
EndProject
Project("{8BC9CEB8-8B4A-11D0-8D11-00A0C91BC942}") = "16_LoadShowOutputImage", "16_LoadShowOutputImage\16_LoadShowOutputImage.vcxproj", "{20B12FCC-284C-43A2-94E1-92B2C0D43DCA}"
EndProject
Project("{8BC9CEB8-8B4A-11D0-8D11-00A0C91BC942}") = "17_CreateTrackbar", "17_CreateTrackbar\17_CreateTrackbar.vcxproj", "{1DBE0AEA-CE82-4AF5-ACC4-7041A571BDA6}"
EndProject
Project("{8BC9CEB8-8B4A-11D0-8D11-00A0C91BC942}") = "18_UseMouse", "18_UseMouse\18_UseMouse.vcxproj", "{FDE65A89-BEEE-4663-BDDC-4DD3DCD3F705}"
EndProject
Project("{8BC9CEB8-8B4A-11D0-8D11-00A0C91BC942}") = "19_UseMat", "19_UseMat\19_UseMat.vcxproj", "{08B410D2-9E88-4744-BE2D-35BDAFC27D4F}"
EndProject
Project("{8BC9CEB8-8B4A-11D0-8D11-00A0C91BC942}") = "20_DrawImage", "20_DrawImage\20_DrawImage.vcxproj", "{7E97A134-E5B5-4BE0-B00D-D80A66EF94E8}"
EndProject
Project("{8BC9CEB8-8B4A-11D0-8D11-00A0C91BC942}") = "21_UsePointerAccessPixel", "21_UsePointerAccessPixel\21_UsePointerAccessPixel.vcxproj", "{6D69850F-B813-4902-8678-25B506286578}"
EndProject
Project("{8BC9CEB8-8B4A-11D0-8D11-00A0C91BC942}") = "22_UseIteratorAccessPixel", "22_UseIteratorAccessPixel\22_UseIteratorAccessPixel.vcxproj", "{0D3FD3AD-B5BB-4ED3-8DC5-5D2777BA2274}"
EndProject
Project("{8BC9CEB8-8B4A-11D0-8D11-00A0C91BC942}") = "23_UseAtAccessPixel", "23_UseAtAccessPixel\23_UseAtAccessPixel.vcxproj", "{67CC4124-13F5-41FA-A90D-4A8D5B1AF91D}"
EndProject
Project("{8BC9CEB8-8B4A-11D0-8D11-00A0C91BC942}") = "24_14WaysToAccessPixel", "24_14WaysToAccessPixel\24_14WaysToAccessPixel.vcxproj", "{2CF08BDD-B71F-4743-B0E6-A357154FD995}"
EndProject
Project("{8BC9CEB8-8B4A-11D0-8D11-00A0C91BC942}") = "25_ImageBlending", "25_ImageBlending\25_ImageBlending.vcxproj", "{BD410A55-3CC1-409F-B364-0D5086AB75AD}"
EndProject
Project("{8BC9CEB8-8B4A-11D0-8D11-00A0C91BC942}") = "26_MultiChannelImageBlending", "26_MultiChannelImageBlending\26_MultiChannelImageBlending.vcxproj", "{57B860DC-8570-4219-BDB2-857275203F33}"
EndProject
Project("{8BC9CEB8-8B4A-11D0-8D11-00A0C91BC942}") = "27_ChangeContrastAndBright", "27_ChangeContrastAndBright\27_ChangeContrastAndBright.vcxproj", "{932514D2-0D79-435E-AF4C-682AB6429075}"
EndProject
Project("{8BC9CEB8-8B4A-11D0-8D11-00A0C91BC942}") = "28_DFT", "28_DFT\28_DFT.vcxproj", "{E4978932-53C1-48E2-9D03-A96A59092DD5}"
EndProject
Project("{8BC9CEB8-8B4A-11D0-8D11-00A0C91BC942}") = "29_Write_XML_and_YAML_File", "29_Write_XML_and_YAML_File\29_Write_XML_and_YAML_File.vcxproj", "{6C938BB3-6462-42AA-8C33-64D32F78BA5D}"
EndProject
Project("{8BC9CEB8-8B4A-11D0-8D11-00A0C91BC942}") = "30_Read_XML_and_YAML_File", "30_Read_XML_and_YAML_File\30_Read_XML_and_YAML_File.vcxproj", "{99C1C3DC-55C1-456C-BFC8-E9676467727C}"
EndProject
Project("{8BC9CEB8-8B4A-11D0-8D11-00A0C91BC942}") = "31_boxFilter", "31_boxFilter\31_boxFilter.vcxproj", "{54408D33-C81F-4709-9E85-9FC34B411211}"
EndProject
Project("{8BC9CEB8-8B4A-11D0-8D11-00A0C91BC942}") = "32_blur", "32_blur\32_blur.vcxproj", "{36680F85-CFCA-4739-88E3-7DD93C696B0B}"
EndProject
Project("{8BC9CEB8-8B4A-11D0-8D11-00A0C91BC942}") = "33_GaussianBlur", "33_GaussianBlur\33_GaussianBlur.vcxproj", "{314DA84A-5E5B-4545-AB6A-3BD2D7415258}"
EndProject
Project("{8BC9CEB8-8B4A-11D0-8D11-00A0C91BC942}") = "34_LinearImageFilter", "34_LinearImageFilter\34_LinearImageFilter.vcxproj", "{3333FC1C-745A-46C5-9203-F9AC3BAE66F0}"
EndProject
Project("{8BC9CEB8-8B4A-11D0-8D11-00A0C91BC942}") = "35_medianBlur", "35_medianBlur\35_medianBlur.vcxproj", "{A159D8D1-C37D-4F38-B402-E0014869FB8D}"
EndProject
Project("{8BC9CEB8-8B4A-11D0-8D11-00A0C91BC942}") = "36_bilateralFilter", "36_bilateralFilter\36_bilateralFilter.vcxproj", "{70BEB68A-E4F7-4893-AFCC-7AE877DFF0B3}"
EndProject
Project("{8BC9CEB8-8B4A-11D0-8D11-00A0C91BC942}") = "37_ImageFiltering", "37_ImageFiltering\37_ImageFiltering.vcxproj", "{5543BFCB-FBEC-4C5F-9E9A-8080DCE2D464}"
EndProject
Project("{8BC9CEB8-8B4A-11D0-8D11-00A0C91BC942}") = "38_dilate", "38_dilate\38_dilate.vcxproj", "{F0CCFF99-0E48-4736-A0E8-288FA5233069}"
EndProject
Project("{8BC9CEB8-8B4A-11D0-8D11-00A0C91BC942}") = "39_erode", "39_erode\39_erode.vcxproj", "{B81DA1A1-39B1-44BE-84B2-67767CF540C0}"
EndProject
Project("{8BC9CEB8-8B4A-11D0-8D11-00A0C91BC942}") = "40_dilate_And_erode", "40_dilate_And_erode\40_dilate_And_erode.vcxproj", "{21A8CD97-80F0-4C2D-AA12-50459D211D02}"
EndProject
Project("{8BC9CEB8-8B4A-11D0-8D11-00A0C91BC942}") = "48_Morphology", "48_Morphology\48_Morphology.vcxproj", "{E28EFEFF-52F2-4F3E-8613-EFC8DF14117D}"
EndProject
Project("{8BC9CEB8-8B4A-11D0-8D11-00A0C91BC942}") = "49_floodFill", "49_floodFill\49_floodFill.vcxproj", "{4DB24F04-D12D-4B30-8F0B-9EA31A8A2703}"
EndProject
Project("{8BC9CEB8-8B4A-11D0-8D11-00A0C91BC942}") = "50_floodFill2", "50_floodFill2\50_floodFill2.vcxproj", "{C8D2EA8A-61D2-4101-896C-E90C2CC2ACC5}"
EndProject
Project("{8BC9CEB8-8B4A-11D0-8D11-00A0C91BC942}") = "51_resize", "51_resize\51_resize.vcxproj", "{04D041B2-A6B3-4DAA-B36C-4EB7D6B1B16D}"
EndProject
Project("{8BC9CEB8-8B4A-11D0-8D11-00A0C91BC942}") = "52_pyrUp", "52_pyrUp\52_pyrUp.vcxproj", "{3BC61B5D-090A-4FA7-B143-E650B5D07E02}"
EndProject
Project("{8BC9CEB8-8B4A-11D0-8D11-00A0C91BC942}") = "53_pyrDown", "53_pyrDown\53_pyrDown.vcxproj", "{C387709B-82B3-46AF-A96A-ED1FD7116BE7}"
EndProject
Project("{8BC9CEB8-8B4A-11D0-8D11-00A0C91BC942}") = "54_PyrAndResize", "54_PyrAndResize\54_PyrAndResize.vcxproj", "{2C9B7F39-F4A1-4D90-B8EA-A6AADB6DBEFA}"
EndProject
Project("{8BC9CEB8-8B4A-11D0-8D11-00A0C91BC942}") = "55_threshold", "55_threshold\55_threshold.vcxproj", "{5ABD5538-4ED8-4376-8F32-7E5EE63FC387}"
EndProject
Project("{8BC9CEB8-8B4A-11D0-8D11-00A0C91BC942}") = "56_canny", "56_canny\56_canny.vcxproj", "{9F8F9C8D-AAAD-4779-B3C1-729CC64BA63B}"
EndProject
Project("{8BC9CEB8-8B4A-11D0-8D11-00A0C91BC942}") = "57_sobel", "57_sobel\57_sobel.vcxproj", "{9953C0CE-1A1E-4E77-86B3-F4AC299B2EB9}"
EndProject
Project("{8BC9CEB8-8B4A-11D0-8D11-00A0C91BC942}") = "58_Laplacian", "58_Laplacian\58_Laplacian.vcxproj", "{3FC9E0F6-2766-4DBB-9725-EAEDBD32DD55}"
EndProject
Project("{8BC9CEB8-8B4A-11D0-8D11-00A0C91BC942}") = "59_Scharr", "59_Scharr\59_Scharr.vcxproj", "{AEE5D8A9-9AD9-4C81-A863-A2EA977BD995}"
EndProject
Project("{8BC9CEB8-8B4A-11D0-8D11-00A0C91BC942}") = "60_EdgeDetection", "60_EdgeDetection\60_EdgeDetection.vcxproj", "{BF84DDFF-423B-48EB-84DC-EA825B00DEF8}"
EndProject
Project("{8BC9CEB8-8B4A-11D0-8D11-00A0C91BC942}") = "61_HoughLines", "61_HoughLines\61_HoughLines.vcxproj", "{F8B1132F-E43E-41C1-9136-F2966938A2EA}"
EndProject
Project("{8BC9CEB8-8B4A-11D0-8D11-00A0C91BC942}") = "62_HoughLinesP", "62_HoughLinesP\62_HoughLinesP.vcxproj", "{AC850BE4-2928-412B-A0CC-45CF97F3CE00}"
EndProject
Project("{8BC9CEB8-8B4A-11D0-8D11-00A0C91BC942}") = "63_HoughCircles", "63_HoughCircles\63_HoughCircles.vcxproj", "{04C11600-A1EE-4F3A-B7AC-27F0FFD91224}"
EndProject
Project("{8BC9CEB8-8B4A-11D0-8D11-00A0C91BC942}") = "64_HoughLines", "64_HoughLines\64_HoughLines.vcxproj", "{CF0E8D15-9985-425B-AF77-6B0875950C9D}"
EndProject
Project("{8BC9CEB8-8B4A-11D0-8D11-00A0C91BC942}") = "65_remap", "65_remap\65_remap.vcxproj", "{DF0CD535-15F5-4E84-86F1-32859F722FC3}"
EndProject
Project("{8BC9CEB8-8B4A-11D0-8D11-00A0C91BC942}") = "66_remap2", "66_remap2\66_remap2.vcxproj", "{D364D3C0-13E1-40B7-8DCA-0AE6496646FF}"
EndProject
Project("{8BC9CEB8-8B4A-11D0-8D11-00A0C91BC942}") = "67_AffineTransform", "67_AffineTransform\67_AffineTransform.vcxproj", "{95DE461D-81A7-408E-8EA4-403557B9FDDF}"
EndProject
Project("{8BC9CEB8-8B4A-11D0-8D11-00A0C91BC942}") = "68_equalizeHist", "68_equalizeHist\68_equalizeHist.vcxproj", "{FF9B1D77-F5AC-4A17-A78B-FF30E047D92B}"
EndProject
Project("{8BC9CEB8-8B4A-11D0-8D11-00A0C91BC942}") = "69_findContours", "69_findContours\69_findContours.vcxproj", "{6251A10D-A67F-4F8D-ADCA-7B370D980D61}"
EndProject
Project("{8BC9CEB8-8B4A-11D0-8D11-00A0C91BC942}") = "70_findAndDrawContours", "70_findAndDrawContours\70_findAndDrawContours.vcxproj", "{D6849BDD-12EE-4F9A-87A3-0BA9C861D9B3}"
EndProject
Project("{8BC9CEB8-8B4A-11D0-8D11-00A0C91BC942}") = "71_convexHull", "71_convexHull\71_convexHull.vcxproj", "{BF374D53-4F9F-466A-9E20-06AC567B7D4D}"
EndProject
Project("{8BC9CEB8-8B4A-11D0-8D11-00A0C91BC942}") = "71_convexHull2", "71_convexHull2\71_convexHull2.vcxproj", "{A4D98F6A-87FA-4AE7-A9AF-ADB241FFA6B6}"
EndProject
Project("{8BC9CEB8-8B4A-11D0-8D11-00A0C91BC942}") = "73_minAreaRect", "73_minAreaRect\73_minAreaRect.vcxproj", "{5A77F8A1-966E-48D8-BA52-E810CE9C5A87}"
EndProject
Project("{8BC9CEB8-8B4A-11D0-8D11-00A0C91BC942}") = "74_minEnclosingCircle", "74_minEnclosingCircle\74_minEnclosingCircle.vcxproj", "{5527AFFC-F7CE-49DE-B0E6-F78D60C40E78}"
EndProject
Project("{8BC9CEB8-8B4A-11D0-8D11-00A0C91BC942}") = "75_approxPolyDP", "75_approxPolyDP\75_approxPolyDP.vcxproj", "{72273034-FE16-40BA-8766-FA2475023D2E}"
EndProject
Project("{8BC9CEB8-8B4A-11D0-8D11-00A0C91BC942}") = "76_ContourMoment", "76_ContourMoment\76_ContourMoment.vcxproj", "{F231DBB9-095E-4BB5-AB3A-065A71DF9A4B}"
EndProject
Project("{8BC9CEB8-8B4A-11D0-8D11-00A0C91BC942}") = "77_watershed", "77_watershed\77_watershed.vcxproj", "{4AD9118E-26AA-4046-B167-C688C76D84A7}"
EndProject
Project("{8BC9CEB8-8B4A-11D0-8D11-00A0C91BC942}") = "78_inpaint", "78_inpaint\78_inpaint.vcxproj", "{0B123681-4225-42DF-9ACF-66771D549D2E}"
EndProject
Project("{8BC9CEB8-8B4A-11D0-8D11-00A0C91BC942}") = "79_H-S-Histogram", "79_H-S-Histogram\79_H-S-Histogram.vcxproj", "{6695B87B-CA4F-427F-BAC1-AC03DDD7C1B3}"
EndProject
Project("{8BC9CEB8-8B4A-11D0-8D11-00A0C91BC942}") = "80_Histogram2", "80_Histogram2\80_Histogram2.vcxproj", "{670AD776-AE09-478A-9EF9-36A0B6398ECE}"
EndProject
Project("{8BC9CEB8-8B4A-11D0-8D11-00A0C91BC942}") = "81_Histogram3", "81_Histogram3\81_Histogram3.vcxproj", "{22BB8ED2-BFCC-43AE-B368-7A04E7BB3291}"
EndProject
Project("{8BC9CEB8-8B4A-11D0-8D11-00A0C91BC942}") = "82_CompareHist", "82_CompareHist\82_CompareHist.vcxproj", "{0E5CB6C4-BDEE-4B94-A326-E3742114ECE3}"
EndProject
Project("{8BC9CEB8-8B4A-11D0-8D11-00A0C91BC942}") = "83_CalcBackProject", "83_CalcBackProject\83_CalcBackProject.vcxproj", "{3D6ED337-5BEF-45E8-9545-3D15855A7172}"
EndProject
Project("{8BC9CEB8-8B4A-11D0-8D11-00A0C91BC942}") = "84_matchTemplate", "84_matchTemplate\84_matchTemplate.vcxproj", "{6536FE6D-10B6-429C-85FA-132A1012CEB9}"
EndProject
Project("{8BC9CEB8-8B4A-11D0-8D11-00A0C91BC942}") = "85_cornerHarris", "85_cornerHarris\85_cornerHarris.vcxproj", "{6B4B301B-3228-4F09-A3B1-0702CEBCDD6E}"
EndProject
Project("{8BC9CEB8-8B4A-11D0-8D11-00A0C91BC942}") = "86_cornerHarris", "86_cornerHarris\86_cornerHarris.vcxproj", "{4B43073D-D175-4CAE-B370-224630DDE6F4}"
EndProject
Project("{8BC9CEB8-8B4A-11D0-8D11-00A0C91BC942}") = "87_goodFeaturesToTrack", "87_goodFeaturesToTrack\87_goodFeaturesToTrack.vcxproj", "{0B733E7C-5751-45FC-ADEA-9B206CD19031}"
EndProject
Project("{8BC9CEB8-8B4A-11D0-8D11-00A0C91BC942}") = "88_cornerSubPix", "88_cornerSubPix\88_cornerSubPix.vcxproj", "{EEEEB8C7-50DA-476B-BA08-090A0ACC7583}"
EndProject
Project("{8BC9CEB8-8B4A-11D0-8D11-00A0C91BC942}") = "89_SurfFeatureDetector", "89_SurfFeatureDetector\89_SurfFeatureDetector.vcxproj", "{7615E325-4C91-4D15-AC58-EA2C37A0B1F7}"
EndProject
Project("{8BC9CEB8-8B4A-11D0-8D11-00A0C91BC942}") = "90_SurfDescriptorExtractor", "90_SurfDescriptorExtractor\90_SurfDescriptorExtractor.vcxproj", "{0E7F04BA-0EE3-4F54-B0F0-51D6920805AD}"
EndProject
Global
	GlobalSection(SolutionConfigurationPlatforms) = preSolution
		Debug|Win32 = Debug|Win32
		Release|Win32 = Release|Win32
	EndGlobalSection
	GlobalSection(ProjectConfigurationPlatforms) = postSolution
		{0F120EFC-1024-43DC-94DF-92A206718EFB}.Debug|Win32.ActiveCfg = Debug|Win32
		{0F120EFC-1024-43DC-94DF-92A206718EFB}.Debug|Win32.Build.0 = Debug|Win32
		{0F120EFC-1024-43DC-94DF-92A206718EFB}.Release|Win32.ActiveCfg = Release|Win32
		{0F120EFC-1024-43DC-94DF-92A206718EFB}.Release|Win32.Build.0 = Release|Win32
		{E9C85D34-E3B5-47E3-9F75-D8E71B2B2931}.Debug|Win32.ActiveCfg = Debug|Win32
		{E9C85D34-E3B5-47E3-9F75-D8E71B2B2931}.Debug|Win32.Build.0 = Debug|Win32
		{E9C85D34-E3B5-47E3-9F75-D8E71B2B2931}.Release|Win32.ActiveCfg = Release|Win32
		{E9C85D34-E3B5-47E3-9F75-D8E71B2B2931}.Release|Win32.Build.0 = Release|Win32
		{65FCD21E-B62D-4A5D-947A-613908CD5D1A}.Debug|Win32.ActiveCfg = Debug|Win32
		{65FCD21E-B62D-4A5D-947A-613908CD5D1A}.Debug|Win32.Build.0 = Debug|Win32
		{65FCD21E-B62D-4A5D-947A-613908CD5D1A}.Release|Win32.ActiveCfg = Release|Win32
		{65FCD21E-B62D-4A5D-947A-613908CD5D1A}.Release|Win32.Build.0 = Release|Win32
		{DB0CA68A-D598-4404-B69A-0B87EBA1DCF8}.Debug|Win32.ActiveCfg = Debug|Win32
		{DB0CA68A-D598-4404-B69A-0B87EBA1DCF8}.Debug|Win32.Build.0 = Debug|Win32
		{DB0CA68A-D598-4404-B69A-0B87EBA1DCF8}.Release|Win32.ActiveCfg = Release|Win32
		{DB0CA68A-D598-4404-B69A-0B87EBA1DCF8}.Release|Win32.Build.0 = Release|Win32
		{0921F6BA-852C-4830-8902-96E1308F174E}.Debug|Win32.ActiveCfg = Debug|Win32
		{0921F6BA-852C-4830-8902-96E1308F174E}.Debug|Win32.Build.0 = Debug|Win32
		{0921F6BA-852C-4830-8902-96E1308F174E}.Release|Win32.ActiveCfg = Release|Win32
		{0921F6BA-852C-4830-8902-96E1308F174E}.Release|Win32.Build.0 = Release|Win32
		{CEF9F89C-6BF4-4512-85CF-A69C906E66F2}.Debug|Win32.ActiveCfg = Debug|Win32
		{CEF9F89C-6BF4-4512-85CF-A69C906E66F2}.Debug|Win32.Build.0 = Debug|Win32
		{CEF9F89C-6BF4-4512-85CF-A69C906E66F2}.Release|Win32.ActiveCfg = Release|Win32
		{CEF9F89C-6BF4-4512-85CF-A69C906E66F2}.Release|Win32.Build.0 = Release|Win32
		{CFFD4E48-F284-4E99-BCA9-9E56C7347302}.Debug|Win32.ActiveCfg = Debug|Win32
		{CFFD4E48-F284-4E99-BCA9-9E56C7347302}.Debug|Win32.Build.0 = Debug|Win32
		{CFFD4E48-F284-4E99-BCA9-9E56C7347302}.Release|Win32.ActiveCfg = Release|Win32
		{CFFD4E48-F284-4E99-BCA9-9E56C7347302}.Release|Win32.Build.0 = Release|Win32
		{1491081B-802F-4EA6-81EF-7E008E581638}.Debug|Win32.ActiveCfg = Debug|Win32
		{1491081B-802F-4EA6-81EF-7E008E581638}.Debug|Win32.Build.0 = Debug|Win32
		{1491081B-802F-4EA6-81EF-7E008E581638}.Release|Win32.ActiveCfg = Release|Win32
		{1491081B-802F-4EA6-81EF-7E008E581638}.Release|Win32.Build.0 = Release|Win32
		{A005542E-E62C-4845-ADFE-75963B8CFDC4}.Debug|Win32.ActiveCfg = Debug|Win32
		{A005542E-E62C-4845-ADFE-75963B8CFDC4}.Debug|Win32.Build.0 = Debug|Win32
		{A005542E-E62C-4845-ADFE-75963B8CFDC4}.Release|Win32.ActiveCfg = Release|Win32
		{A005542E-E62C-4845-ADFE-75963B8CFDC4}.Release|Win32.Build.0 = Release|Win32
		{EDE13B2D-B7E6-4C64-B0EC-4E2210F191B8}.Debug|Win32.ActiveCfg = Debug|Win32
		{EDE13B2D-B7E6-4C64-B0EC-4E2210F191B8}.Debug|Win32.Build.0 = Debug|Win32
		{EDE13B2D-B7E6-4C64-B0EC-4E2210F191B8}.Release|Win32.ActiveCfg = Release|Win32
		{EDE13B2D-B7E6-4C64-B0EC-4E2210F191B8}.Release|Win32.Build.0 = Release|Win32
		{B31D4ECD-F533-428E-9BB6-93F25908EEBB}.Debug|Win32.ActiveCfg = Debug|Win32
		{B31D4ECD-F533-428E-9BB6-93F25908EEBB}.Debug|Win32.Build.0 = Debug|Win32
		{B31D4ECD-F533-428E-9BB6-93F25908EEBB}.Release|Win32.ActiveCfg = Release|Win32
		{B31D4ECD-F533-428E-9BB6-93F25908EEBB}.Release|Win32.Build.0 = Release|Win32
		{747434CE-3B21-48A4-819B-0692A7F795FC}.Debug|Win32.ActiveCfg = Debug|Win32
		{747434CE-3B21-48A4-819B-0692A7F795FC}.Debug|Win32.Build.0 = Debug|Win32
		{747434CE-3B21-48A4-819B-0692A7F795FC}.Release|Win32.ActiveCfg = Release|Win32
		{747434CE-3B21-48A4-819B-0692A7F795FC}.Release|Win32.Build.0 = Release|Win32
		{8BA11DEF-4253-4210-9732-110215E3E014}.Debug|Win32.ActiveCfg = Debug|Win32
		{8BA11DEF-4253-4210-9732-110215E3E014}.Debug|Win32.Build.0 = Debug|Win32
		{8BA11DEF-4253-4210-9732-110215E3E014}.Release|Win32.ActiveCfg = Release|Win32
		{8BA11DEF-4253-4210-9732-110215E3E014}.Release|Win32.Build.0 = Release|Win32
		{CD9E9D52-8B6F-4936-9474-51510701284E}.Debug|Win32.ActiveCfg = Debug|Win32
		{CD9E9D52-8B6F-4936-9474-51510701284E}.Debug|Win32.Build.0 = Debug|Win32
		{CD9E9D52-8B6F-4936-9474-51510701284E}.Release|Win32.ActiveCfg = Release|Win32
		{CD9E9D52-8B6F-4936-9474-51510701284E}.Release|Win32.Build.0 = Release|Win32
		{20B12FCC-284C-43A2-94E1-92B2C0D43DCA}.Debug|Win32.ActiveCfg = Debug|Win32
		{20B12FCC-284C-43A2-94E1-92B2C0D43DCA}.Debug|Win32.Build.0 = Debug|Win32
		{20B12FCC-284C-43A2-94E1-92B2C0D43DCA}.Release|Win32.ActiveCfg = Release|Win32
		{20B12FCC-284C-43A2-94E1-92B2C0D43DCA}.Release|Win32.Build.0 = Release|Win32
		{1DBE0AEA-CE82-4AF5-ACC4-7041A571BDA6}.Debug|Win32.ActiveCfg = Debug|Win32
		{1DBE0AEA-CE82-4AF5-ACC4-7041A571BDA6}.Debug|Win32.Build.0 = Debug|Win32
		{1DBE0AEA-CE82-4AF5-ACC4-7041A571BDA6}.Release|Win32.ActiveCfg = Release|Win32
		{1DBE0AEA-CE82-4AF5-ACC4-7041A571BDA6}.Release|Win32.Build.0 = Release|Win32
		{FDE65A89-BEEE-4663-BDDC-4DD3DCD3F705}.Debug|Win32.ActiveCfg = Debug|Win32
		{FDE65A89-BEEE-4663-BDDC-4DD3DCD3F705}.Debug|Win32.Build.0 = Debug|Win32
		{FDE65A89-BEEE-4663-BDDC-4DD3DCD3F705}.Release|Win32.ActiveCfg = Release|Win32
		{FDE65A89-BEEE-4663-BDDC-4DD3DCD3F705}.Release|Win32.Build.0 = Release|Win32
		{08B410D2-9E88-4744-BE2D-35BDAFC27D4F}.Debug|Win32.ActiveCfg = Debug|Win32
		{08B410D2-9E88-4744-BE2D-35BDAFC27D4F}.Debug|Win32.Build.0 = Debug|Win32
		{08B410D2-9E88-4744-BE2D-35BDAFC27D4F}.Release|Win32.ActiveCfg = Release|Win32
		{08B410D2-9E88-4744-BE2D-35BDAFC27D4F}.Release|Win32.Build.0 = Release|Win32
		{7E97A134-E5B5-4BE0-B00D-D80A66EF94E8}.Debug|Win32.ActiveCfg = Debug|Win32
		{7E97A134-E5B5-4BE0-B00D-D80A66EF94E8}.Debug|Win32.Build.0 = Debug|Win32
		{7E97A134-E5B5-4BE0-B00D-D80A66EF94E8}.Release|Win32.ActiveCfg = Release|Win32
		{7E97A134-E5B5-4BE0-B00D-D80A66EF94E8}.Release|Win32.Build.0 = Release|Win32
		{6D69850F-B813-4902-8678-25B506286578}.Debug|Win32.ActiveCfg = Debug|Win32
		{6D69850F-B813-4902-8678-25B506286578}.Debug|Win32.Build.0 = Debug|Win32
		{6D69850F-B813-4902-8678-25B506286578}.Release|Win32.ActiveCfg = Release|Win32
		{6D69850F-B813-4902-8678-25B506286578}.Release|Win32.Build.0 = Release|Win32
		{0D3FD3AD-B5BB-4ED3-8DC5-5D2777BA2274}.Debug|Win32.ActiveCfg = Debug|Win32
		{0D3FD3AD-B5BB-4ED3-8DC5-5D2777BA2274}.Debug|Win32.Build.0 = Debug|Win32
		{0D3FD3AD-B5BB-4ED3-8DC5-5D2777BA2274}.Release|Win32.ActiveCfg = Release|Win32
		{0D3FD3AD-B5BB-4ED3-8DC5-5D2777BA2274}.Release|Win32.Build.0 = Release|Win32
		{67CC4124-13F5-41FA-A90D-4A8D5B1AF91D}.Debug|Win32.ActiveCfg = Debug|Win32
		{67CC4124-13F5-41FA-A90D-4A8D5B1AF91D}.Debug|Win32.Build.0 = Debug|Win32
		{67CC4124-13F5-41FA-A90D-4A8D5B1AF91D}.Release|Win32.ActiveCfg = Release|Win32
		{67CC4124-13F5-41FA-A90D-4A8D5B1AF91D}.Release|Win32.Build.0 = Release|Win32
		{2CF08BDD-B71F-4743-B0E6-A357154FD995}.Debug|Win32.ActiveCfg = Debug|Win32
		{2CF08BDD-B71F-4743-B0E6-A357154FD995}.Debug|Win32.Build.0 = Debug|Win32
		{2CF08BDD-B71F-4743-B0E6-A357154FD995}.Release|Win32.ActiveCfg = Release|Win32
		{2CF08BDD-B71F-4743-B0E6-A357154FD995}.Release|Win32.Build.0 = Release|Win32
		{BD410A55-3CC1-409F-B364-0D5086AB75AD}.Debug|Win32.ActiveCfg = Debug|Win32
		{BD410A55-3CC1-409F-B364-0D5086AB75AD}.Debug|Win32.Build.0 = Debug|Win32
		{BD410A55-3CC1-409F-B364-0D5086AB75AD}.Release|Win32.ActiveCfg = Release|Win32
		{BD410A55-3CC1-409F-B364-0D5086AB75AD}.Release|Win32.Build.0 = Release|Win32
		{57B860DC-8570-4219-BDB2-857275203F33}.Debug|Win32.ActiveCfg = Debug|Win32
		{57B860DC-8570-4219-BDB2-857275203F33}.Debug|Win32.Build.0 = Debug|Win32
		{57B860DC-8570-4219-BDB2-857275203F33}.Release|Win32.ActiveCfg = Release|Win32
		{57B860DC-8570-4219-BDB2-857275203F33}.Release|Win32.Build.0 = Release|Win32
		{932514D2-0D79-435E-AF4C-682AB6429075}.Debug|Win32.ActiveCfg = Debug|Win32
		{932514D2-0D79-435E-AF4C-682AB6429075}.Debug|Win32.Build.0 = Debug|Win32
		{932514D2-0D79-435E-AF4C-682AB6429075}.Release|Win32.ActiveCfg = Release|Win32
		{932514D2-0D79-435E-AF4C-682AB6429075}.Release|Win32.Build.0 = Release|Win32
		{E4978932-53C1-48E2-9D03-A96A59092DD5}.Debug|Win32.ActiveCfg = Debug|Win32
		{E4978932-53C1-48E2-9D03-A96A59092DD5}.Debug|Win32.Build.0 = Debug|Win32
		{E4978932-53C1-48E2-9D03-A96A59092DD5}.Release|Win32.ActiveCfg = Release|Win32
		{E4978932-53C1-48E2-9D03-A96A59092DD5}.Release|Win32.Build.0 = Release|Win32
		{6C938BB3-6462-42AA-8C33-64D32F78BA5D}.Debug|Win32.ActiveCfg = Debug|Win32
		{6C938BB3-6462-42AA-8C33-64D32F78BA5D}.Debug|Win32.Build.0 = Debug|Win32
		{6C938BB3-6462-42AA-8C33-64D32F78BA5D}.Release|Win32.ActiveCfg = Release|Win32
		{6C938BB3-6462-42AA-8C33-64D32F78BA5D}.Release|Win32.Build.0 = Release|Win32
		{99C1C3DC-55C1-456C-BFC8-E9676467727C}.Debug|Win32.ActiveCfg = Debug|Win32
		{99C1C3DC-55C1-456C-BFC8-E9676467727C}.Debug|Win32.Build.0 = Debug|Win32
		{99C1C3DC-55C1-456C-BFC8-E9676467727C}.Release|Win32.ActiveCfg = Release|Win32
		{99C1C3DC-55C1-456C-BFC8-E9676467727C}.Release|Win32.Build.0 = Release|Win32
		{54408D33-C81F-4709-9E85-9FC34B411211}.Debug|Win32.ActiveCfg = Debug|Win32
		{54408D33-C81F-4709-9E85-9FC34B411211}.Debug|Win32.Build.0 = Debug|Win32
		{54408D33-C81F-4709-9E85-9FC34B411211}.Release|Win32.ActiveCfg = Release|Win32
		{54408D33-C81F-4709-9E85-9FC34B411211}.Release|Win32.Build.0 = Release|Win32
		{36680F85-CFCA-4739-88E3-7DD93C696B0B}.Debug|Win32.ActiveCfg = Debug|Win32
		{36680F85-CFCA-4739-88E3-7DD93C696B0B}.Debug|Win32.Build.0 = Debug|Win32
		{36680F85-CFCA-4739-88E3-7DD93C696B0B}.Release|Win32.ActiveCfg = Release|Win32
		{36680F85-CFCA-4739-88E3-7DD93C696B0B}.Release|Win32.Build.0 = Release|Win32
		{314DA84A-5E5B-4545-AB6A-3BD2D7415258}.Debug|Win32.ActiveCfg = Debug|Win32
		{314DA84A-5E5B-4545-AB6A-3BD2D7415258}.Debug|Win32.Build.0 = Debug|Win32
		{314DA84A-5E5B-4545-AB6A-3BD2D7415258}.Release|Win32.ActiveCfg = Release|Win32
		{314DA84A-5E5B-4545-AB6A-3BD2D7415258}.Release|Win32.Build.0 = Release|Win32
		{3333FC1C-745A-46C5-9203-F9AC3BAE66F0}.Debug|Win32.ActiveCfg = Debug|Win32
		{3333FC1C-745A-46C5-9203-F9AC3BAE66F0}.Debug|Win32.Build.0 = Debug|Win32
		{3333FC1C-745A-46C5-9203-F9AC3BAE66F0}.Release|Win32.ActiveCfg = Release|Win32
		{3333FC1C-745A-46C5-9203-F9AC3BAE66F0}.Release|Win32.Build.0 = Release|Win32
		{A159D8D1-C37D-4F38-B402-E0014869FB8D}.Debug|Win32.ActiveCfg = Debug|Win32
		{A159D8D1-C37D-4F38-B402-E0014869FB8D}.Debug|Win32.Build.0 = Debug|Win32
		{A159D8D1-C37D-4F38-B402-E0014869FB8D}.Release|Win32.ActiveCfg = Release|Win32
		{A159D8D1-C37D-4F38-B402-E0014869FB8D}.Release|Win32.Build.0 = Release|Win32
		{70BEB68A-E4F7-4893-AFCC-7AE877DFF0B3}.Debug|Win32.ActiveCfg = Debug|Win32
		{70BEB68A-E4F7-4893-AFCC-7AE877DFF0B3}.Debug|Win32.Build.0 = Debug|Win32
		{70BEB68A-E4F7-4893-AFCC-7AE877DFF0B3}.Release|Win32.ActiveCfg = Release|Win32
		{70BEB68A-E4F7-4893-AFCC-7AE877DFF0B3}.Release|Win32.Build.0 = Release|Win32
		{5543BFCB-FBEC-4C5F-9E9A-8080DCE2D464}.Debug|Win32.ActiveCfg = Debug|Win32
		{5543BFCB-FBEC-4C5F-9E9A-8080DCE2D464}.Debug|Win32.Build.0 = Debug|Win32
		{5543BFCB-FBEC-4C5F-9E9A-8080DCE2D464}.Release|Win32.ActiveCfg = Release|Win32
		{5543BFCB-FBEC-4C5F-9E9A-8080DCE2D464}.Release|Win32.Build.0 = Release|Win32
		{F0CCFF99-0E48-4736-A0E8-288FA5233069}.Debug|Win32.ActiveCfg = Debug|Win32
		{F0CCFF99-0E48-4736-A0E8-288FA5233069}.Debug|Win32.Build.0 = Debug|Win32
		{F0CCFF99-0E48-4736-A0E8-288FA5233069}.Release|Win32.ActiveCfg = Release|Win32
		{F0CCFF99-0E48-4736-A0E8-288FA5233069}.Release|Win32.Build.0 = Release|Win32
		{B81DA1A1-39B1-44BE-84B2-67767CF540C0}.Debug|Win32.ActiveCfg = Debug|Win32
		{B81DA1A1-39B1-44BE-84B2-67767CF540C0}.Debug|Win32.Build.0 = Debug|Win32
		{B81DA1A1-39B1-44BE-84B2-67767CF540C0}.Release|Win32.ActiveCfg = Release|Win32
		{B81DA1A1-39B1-44BE-84B2-67767CF540C0}.Release|Win32.Build.0 = Release|Win32
		{21A8CD97-80F0-4C2D-AA12-50459D211D02}.Debug|Win32.ActiveCfg = Debug|Win32
		{21A8CD97-80F0-4C2D-AA12-50459D211D02}.Debug|Win32.Build.0 = Debug|Win32
		{21A8CD97-80F0-4C2D-AA12-50459D211D02}.Release|Win32.ActiveCfg = Release|Win32
		{21A8CD97-80F0-4C2D-AA12-50459D211D02}.Release|Win32.Build.0 = Release|Win32
		{E28EFEFF-52F2-4F3E-8613-EFC8DF14117D}.Debug|Win32.ActiveCfg = Debug|Win32
		{E28EFEFF-52F2-4F3E-8613-EFC8DF14117D}.Debug|Win32.Build.0 = Debug|Win32
		{E28EFEFF-52F2-4F3E-8613-EFC8DF14117D}.Release|Win32.ActiveCfg = Release|Win32
		{E28EFEFF-52F2-4F3E-8613-EFC8DF14117D}.Release|Win32.Build.0 = Release|Win32
		{4DB24F04-D12D-4B30-8F0B-9EA31A8A2703}.Debug|Win32.ActiveCfg = Debug|Win32
		{4DB24F04-D12D-4B30-8F0B-9EA31A8A2703}.Debug|Win32.Build.0 = Debug|Win32
		{4DB24F04-D12D-4B30-8F0B-9EA31A8A2703}.Release|Win32.ActiveCfg = Release|Win32
		{4DB24F04-D12D-4B30-8F0B-9EA31A8A2703}.Release|Win32.Build.0 = Release|Win32
		{C8D2EA8A-61D2-4101-896C-E90C2CC2ACC5}.Debug|Win32.ActiveCfg = Debug|Win32
		{C8D2EA8A-61D2-4101-896C-E90C2CC2ACC5}.Debug|Win32.Build.0 = Debug|Win32
		{C8D2EA8A-61D2-4101-896C-E90C2CC2ACC5}.Release|Win32.ActiveCfg = Release|Win32
		{C8D2EA8A-61D2-4101-896C-E90C2CC2ACC5}.Release|Win32.Build.0 = Release|Win32
		{04D041B2-A6B3-4DAA-B36C-4EB7D6B1B16D}.Debug|Win32.ActiveCfg = Debug|Win32
		{04D041B2-A6B3-4DAA-B36C-4EB7D6B1B16D}.Debug|Win32.Build.0 = Debug|Win32
		{04D041B2-A6B3-4DAA-B36C-4EB7D6B1B16D}.Release|Win32.ActiveCfg = Release|Win32
		{04D041B2-A6B3-4DAA-B36C-4EB7D6B1B16D}.Release|Win32.Build.0 = Release|Win32
		{3BC61B5D-090A-4FA7-B143-E650B5D07E02}.Debug|Win32.ActiveCfg = Debug|Win32
		{3BC61B5D-090A-4FA7-B143-E650B5D07E02}.Debug|Win32.Build.0 = Debug|Win32
		{3BC61B5D-090A-4FA7-B143-E650B5D07E02}.Release|Win32.ActiveCfg = Release|Win32
		{3BC61B5D-090A-4FA7-B143-E650B5D07E02}.Release|Win32.Build.0 = Release|Win32
		{C387709B-82B3-46AF-A96A-ED1FD7116BE7}.Debug|Win32.ActiveCfg = Debug|Win32
		{C387709B-82B3-46AF-A96A-ED1FD7116BE7}.Debug|Win32.Build.0 = Debug|Win32
		{C387709B-82B3-46AF-A96A-ED1FD7116BE7}.Release|Win32.ActiveCfg = Release|Win32
		{C387709B-82B3-46AF-A96A-ED1FD7116BE7}.Release|Win32.Build.0 = Release|Win32
		{2C9B7F39-F4A1-4D90-B8EA-A6AADB6DBEFA}.Debug|Win32.ActiveCfg = Debug|Win32
		{2C9B7F39-F4A1-4D90-B8EA-A6AADB6DBEFA}.Debug|Win32.Build.0 = Debug|Win32
		{2C9B7F39-F4A1-4D90-B8EA-A6AADB6DBEFA}.Release|Win32.ActiveCfg = Release|Win32
		{2C9B7F39-F4A1-4D90-B8EA-A6AADB6DBEFA}.Release|Win32.Build.0 = Release|Win32
		{5ABD5538-4ED8-4376-8F32-7E5EE63FC387}.Debug|Win32.ActiveCfg = Debug|Win32
		{5ABD5538-4ED8-4376-8F32-7E5EE63FC387}.Debug|Win32.Build.0 = Debug|Win32
		{5ABD5538-4ED8-4376-8F32-7E5EE63FC387}.Release|Win32.ActiveCfg = Release|Win32
		{5ABD5538-4ED8-4376-8F32-7E5EE63FC387}.Release|Win32.Build.0 = Release|Win32
		{9F8F9C8D-AAAD-4779-B3C1-729CC64BA63B}.Debug|Win32.ActiveCfg = Debug|Win32
		{9F8F9C8D-AAAD-4779-B3C1-729CC64BA63B}.Debug|Win32.Build.0 = Debug|Win32
		{9F8F9C8D-AAAD-4779-B3C1-729CC64BA63B}.Release|Win32.ActiveCfg = Release|Win32
		{9F8F9C8D-AAAD-4779-B3C1-729CC64BA63B}.Release|Win32.Build.0 = Release|Win32
		{9953C0CE-1A1E-4E77-86B3-F4AC299B2EB9}.Debug|Win32.ActiveCfg = Debug|Win32
		{9953C0CE-1A1E-4E77-86B3-F4AC299B2EB9}.Debug|Win32.Build.0 = Debug|Win32
		{9953C0CE-1A1E-4E77-86B3-F4AC299B2EB9}.Release|Win32.ActiveCfg = Release|Win32
		{9953C0CE-1A1E-4E77-86B3-F4AC299B2EB9}.Release|Win32.Build.0 = Release|Win32
		{3FC9E0F6-2766-4DBB-9725-EAEDBD32DD55}.Debug|Win32.ActiveCfg = Debug|Win32
		{3FC9E0F6-2766-4DBB-9725-EAEDBD32DD55}.Debug|Win32.Build.0 = Debug|Win32
		{3FC9E0F6-2766-4DBB-9725-EAEDBD32DD55}.Release|Win32.ActiveCfg = Release|Win32
		{3FC9E0F6-2766-4DBB-9725-EAEDBD32DD55}.Release|Win32.Build.0 = Release|Win32
		{AEE5D8A9-9AD9-4C81-A863-A2EA977BD995}.Debug|Win32.ActiveCfg = Debug|Win32
		{AEE5D8A9-9AD9-4C81-A863-A2EA977BD995}.Debug|Win32.Build.0 = Debug|Win32
		{AEE5D8A9-9AD9-4C81-A863-A2EA977BD995}.Release|Win32.ActiveCfg = Release|Win32
		{AEE5D8A9-9AD9-4C81-A863-A2EA977BD995}.Release|Win32.Build.0 = Release|Win32
		{BF84DDFF-423B-48EB-84DC-EA825B00DEF8}.Debug|Win32.ActiveCfg = Debug|Win32
		{BF84DDFF-423B-48EB-84DC-EA825B00DEF8}.Debug|Win32.Build.0 = Debug|Win32
		{BF84DDFF-423B-48EB-84DC-EA825B00DEF8}.Release|Win32.ActiveCfg = Release|Win32
		{BF84DDFF-423B-48EB-84DC-EA825B00DEF8}.Release|Win32.Build.0 = Release|Win32
		{F8B1132F-E43E-41C1-9136-F2966938A2EA}.Debug|Win32.ActiveCfg = Debug|Win32
		{F8B1132F-E43E-41C1-9136-F2966938A2EA}.Debug|Win32.Build.0 = Debug|Win32
		{F8B1132F-E43E-41C1-9136-F2966938A2EA}.Release|Win32.ActiveCfg = Release|Win32
		{F8B1132F-E43E-41C1-9136-F2966938A2EA}.Release|Win32.Build.0 = Release|Win32
		{AC850BE4-2928-412B-A0CC-45CF97F3CE00}.Debug|Win32.ActiveCfg = Debug|Win32
		{AC850BE4-2928-412B-A0CC-45CF97F3CE00}.Debug|Win32.Build.0 = Debug|Win32
		{AC850BE4-2928-412B-A0CC-45CF97F3CE00}.Release|Win32.ActiveCfg = Release|Win32
		{AC850BE4-2928-412B-A0CC-45CF97F3CE00}.Release|Win32.Build.0 = Release|Win32
		{04C11600-A1EE-4F3A-B7AC-27F0FFD91224}.Debug|Win32.ActiveCfg = Debug|Win32
		{04C11600-A1EE-4F3A-B7AC-27F0FFD91224}.Debug|Win32.Build.0 = Debug|Win32
		{04C11600-A1EE-4F3A-B7AC-27F0FFD91224}.Release|Win32.ActiveCfg = Release|Win32
		{04C11600-A1EE-4F3A-B7AC-27F0FFD91224}.Release|Win32.Build.0 = Release|Win32
		{CF0E8D15-9985-425B-AF77-6B0875950C9D}.Debug|Win32.ActiveCfg = Debug|Win32
		{CF0E8D15-9985-425B-AF77-6B0875950C9D}.Debug|Win32.Build.0 = Debug|Win32
		{CF0E8D15-9985-425B-AF77-6B0875950C9D}.Release|Win32.ActiveCfg = Release|Win32
		{CF0E8D15-9985-425B-AF77-6B0875950C9D}.Release|Win32.Build.0 = Release|Win32
		{DF0CD535-15F5-4E84-86F1-32859F722FC3}.Debug|Win32.ActiveCfg = Debug|Win32
		{DF0CD535-15F5-4E84-86F1-32859F722FC3}.Debug|Win32.Build.0 = Debug|Win32
		{DF0CD535-15F5-4E84-86F1-32859F722FC3}.Release|Win32.ActiveCfg = Release|Win32
		{DF0CD535-15F5-4E84-86F1-32859F722FC3}.Release|Win32.Build.0 = Release|Win32
		{D364D3C0-13E1-40B7-8DCA-0AE6496646FF}.Debug|Win32.ActiveCfg = Debug|Win32
		{D364D3C0-13E1-40B7-8DCA-0AE6496646FF}.Debug|Win32.Build.0 = Debug|Win32
		{D364D3C0-13E1-40B7-8DCA-0AE6496646FF}.Release|Win32.ActiveCfg = Release|Win32
		{D364D3C0-13E1-40B7-8DCA-0AE6496646FF}.Release|Win32.Build.0 = Release|Win32
		{95DE461D-81A7-408E-8EA4-403557B9FDDF}.Debug|Win32.ActiveCfg = Debug|Win32
		{95DE461D-81A7-408E-8EA4-403557B9FDDF}.Debug|Win32.Build.0 = Debug|Win32
		{95DE461D-81A7-408E-8EA4-403557B9FDDF}.Release|Win32.ActiveCfg = Release|Win32
		{95DE461D-81A7-408E-8EA4-403557B9FDDF}.Release|Win32.Build.0 = Release|Win32
		{FF9B1D77-F5AC-4A17-A78B-FF30E047D92B}.Debug|Win32.ActiveCfg = Debug|Win32
		{FF9B1D77-F5AC-4A17-A78B-FF30E047D92B}.Debug|Win32.Build.0 = Debug|Win32
		{FF9B1D77-F5AC-4A17-A78B-FF30E047D92B}.Release|Win32.ActiveCfg = Release|Win32
		{FF9B1D77-F5AC-4A17-A78B-FF30E047D92B}.Release|Win32.Build.0 = Release|Win32
		{6251A10D-A67F-4F8D-ADCA-7B370D980D61}.Debug|Win32.ActiveCfg = Debug|Win32
		{6251A10D-A67F-4F8D-ADCA-7B370D980D61}.Debug|Win32.Build.0 = Debug|Win32
		{6251A10D-A67F-4F8D-ADCA-7B370D980D61}.Release|Win32.ActiveCfg = Release|Win32
		{6251A10D-A67F-4F8D-ADCA-7B370D980D61}.Release|Win32.Build.0 = Release|Win32
		{D6849BDD-12EE-4F9A-87A3-0BA9C861D9B3}.Debug|Win32.ActiveCfg = Debug|Win32
		{D6849BDD-12EE-4F9A-87A3-0BA9C861D9B3}.Debug|Win32.Build.0 = Debug|Win32
		{D6849BDD-12EE-4F9A-87A3-0BA9C861D9B3}.Release|Win32.ActiveCfg = Release|Win32
		{D6849BDD-12EE-4F9A-87A3-0BA9C861D9B3}.Release|Win32.Build.0 = Release|Win32
		{BF374D53-4F9F-466A-9E20-06AC567B7D4D}.Debug|Win32.ActiveCfg = Debug|Win32
		{BF374D53-4F9F-466A-9E20-06AC567B7D4D}.Debug|Win32.Build.0 = Debug|Win32
		{BF374D53-4F9F-466A-9E20-06AC567B7D4D}.Release|Win32.ActiveCfg = Release|Win32
		{BF374D53-4F9F-466A-9E20-06AC567B7D4D}.Release|Win32.Build.0 = Release|Win32
		{A4D98F6A-87FA-4AE7-A9AF-ADB241FFA6B6}.Debug|Win32.ActiveCfg = Debug|Win32
		{A4D98F6A-87FA-4AE7-A9AF-ADB241FFA6B6}.Debug|Win32.Build.0 = Debug|Win32
		{A4D98F6A-87FA-4AE7-A9AF-ADB241FFA6B6}.Release|Win32.ActiveCfg = Release|Win32
		{A4D98F6A-87FA-4AE7-A9AF-ADB241FFA6B6}.Release|Win32.Build.0 = Release|Win32
		{5A77F8A1-966E-48D8-BA52-E810CE9C5A87}.Debug|Win32.ActiveCfg = Debug|Win32
		{5A77F8A1-966E-48D8-BA52-E810CE9C5A87}.Debug|Win32.Build.0 = Debug|Win32
		{5A77F8A1-966E-48D8-BA52-E810CE9C5A87}.Release|Win32.ActiveCfg = Release|Win32
		{5A77F8A1-966E-48D8-BA52-E810CE9C5A87}.Release|Win32.Build.0 = Release|Win32
		{5527AFFC-F7CE-49DE-B0E6-F78D60C40E78}.Debug|Win32.ActiveCfg = Debug|Win32
		{5527AFFC-F7CE-49DE-B0E6-F78D60C40E78}.Debug|Win32.Build.0 = Debug|Win32
		{5527AFFC-F7CE-49DE-B0E6-F78D60C40E78}.Release|Win32.ActiveCfg = Release|Win32
		{5527AFFC-F7CE-49DE-B0E6-F78D60C40E78}.Release|Win32.Build.0 = Release|Win32
		{72273034-FE16-40BA-8766-FA2475023D2E}.Debug|Win32.ActiveCfg = Debug|Win32
		{72273034-FE16-40BA-8766-FA2475023D2E}.Debug|Win32.Build.0 = Debug|Win32
		{72273034-FE16-40BA-8766-FA2475023D2E}.Release|Win32.ActiveCfg = Release|Win32
		{72273034-FE16-40BA-8766-FA2475023D2E}.Release|Win32.Build.0 = Release|Win32
		{F231DBB9-095E-4BB5-AB3A-065A71DF9A4B}.Debug|Win32.ActiveCfg = Debug|Win32
		{F231DBB9-095E-4BB5-AB3A-065A71DF9A4B}.Debug|Win32.Build.0 = Debug|Win32
		{F231DBB9-095E-4BB5-AB3A-065A71DF9A4B}.Release|Win32.ActiveCfg = Release|Win32
		{F231DBB9-095E-4BB5-AB3A-065A71DF9A4B}.Release|Win32.Build.0 = Release|Win32
		{4AD9118E-26AA-4046-B167-C688C76D84A7}.Debug|Win32.ActiveCfg = Debug|Win32
		{4AD9118E-26AA-4046-B167-C688C76D84A7}.Debug|Win32.Build.0 = Debug|Win32
		{4AD9118E-26AA-4046-B167-C688C76D84A7}.Release|Win32.ActiveCfg = Release|Win32
		{4AD9118E-26AA-4046-B167-C688C76D84A7}.Release|Win32.Build.0 = Release|Win32
		{0B123681-4225-42DF-9ACF-66771D549D2E}.Debug|Win32.ActiveCfg = Debug|Win32
		{0B123681-4225-42DF-9ACF-66771D549D2E}.Debug|Win32.Build.0 = Debug|Win32
		{0B123681-4225-42DF-9ACF-66771D549D2E}.Release|Win32.ActiveCfg = Release|Win32
		{0B123681-4225-42DF-9ACF-66771D549D2E}.Release|Win32.Build.0 = Release|Win32
		{6695B87B-CA4F-427F-BAC1-AC03DDD7C1B3}.Debug|Win32.ActiveCfg = Debug|Win32
		{6695B87B-CA4F-427F-BAC1-AC03DDD7C1B3}.Debug|Win32.Build.0 = Debug|Win32
		{6695B87B-CA4F-427F-BAC1-AC03DDD7C1B3}.Release|Win32.ActiveCfg = Release|Win32
		{6695B87B-CA4F-427F-BAC1-AC03DDD7C1B3}.Release|Win32.Build.0 = Release|Win32
		{670AD776-AE09-478A-9EF9-36A0B6398ECE}.Debug|Win32.ActiveCfg = Debug|Win32
		{670AD776-AE09-478A-9EF9-36A0B6398ECE}.Debug|Win32.Build.0 = Debug|Win32
		{670AD776-AE09-478A-9EF9-36A0B6398ECE}.Release|Win32.ActiveCfg = Release|Win32
		{670AD776-AE09-478A-9EF9-36A0B6398ECE}.Release|Win32.Build.0 = Release|Win32
		{22BB8ED2-BFCC-43AE-B368-7A04E7BB3291}.Debug|Win32.ActiveCfg = Debug|Win32
		{22BB8ED2-BFCC-43AE-B368-7A04E7BB3291}.Debug|Win32.Build.0 = Debug|Win32
		{22BB8ED2-BFCC-43AE-B368-7A04E7BB3291}.Release|Win32.ActiveCfg = Release|Win32
		{22BB8ED2-BFCC-43AE-B368-7A04E7BB3291}.Release|Win32.Build.0 = Release|Win32
		{0E5CB6C4-BDEE-4B94-A326-E3742114ECE3}.Debug|Win32.ActiveCfg = Debug|Win32
		{0E5CB6C4-BDEE-4B94-A326-E3742114ECE3}.Debug|Win32.Build.0 = Debug|Win32
		{0E5CB6C4-BDEE-4B94-A326-E3742114ECE3}.Release|Win32.ActiveCfg = Release|Win32
		{0E5CB6C4-BDEE-4B94-A326-E3742114ECE3}.Release|Win32.Build.0 = Release|Win32
		{3D6ED337-5BEF-45E8-9545-3D15855A7172}.Debug|Win32.ActiveCfg = Debug|Win32
		{3D6ED337-5BEF-45E8-9545-3D15855A7172}.Debug|Win32.Build.0 = Debug|Win32
		{3D6ED337-5BEF-45E8-9545-3D15855A7172}.Release|Win32.ActiveCfg = Release|Win32
		{3D6ED337-5BEF-45E8-9545-3D15855A7172}.Release|Win32.Build.0 = Release|Win32
		{6536FE6D-10B6-429C-85FA-132A1012CEB9}.Debug|Win32.ActiveCfg = Debug|Win32
		{6536FE6D-10B6-429C-85FA-132A1012CEB9}.Debug|Win32.Build.0 = Debug|Win32
		{6536FE6D-10B6-429C-85FA-132A1012CEB9}.Release|Win32.ActiveCfg = Release|Win32
		{6536FE6D-10B6-429C-85FA-132A1012CEB9}.Release|Win32.Build.0 = Release|Win32
		{6B4B301B-3228-4F09-A3B1-0702CEBCDD6E}.Debug|Win32.ActiveCfg = Debug|Win32
		{6B4B301B-3228-4F09-A3B1-0702CEBCDD6E}.Debug|Win32.Build.0 = Debug|Win32
		{6B4B301B-3228-4F09-A3B1-0702CEBCDD6E}.Release|Win32.ActiveCfg = Release|Win32
		{6B4B301B-3228-4F09-A3B1-0702CEBCDD6E}.Release|Win32.Build.0 = Release|Win32
		{4B43073D-D175-4CAE-B370-224630DDE6F4}.Debug|Win32.ActiveCfg = Debug|Win32
		{4B43073D-D175-4CAE-B370-224630DDE6F4}.Debug|Win32.Build.0 = Debug|Win32
		{4B43073D-D175-4CAE-B370-224630DDE6F4}.Release|Win32.ActiveCfg = Release|Win32
		{4B43073D-D175-4CAE-B370-224630DDE6F4}.Release|Win32.Build.0 = Release|Win32
		{0B733E7C-5751-45FC-ADEA-9B206CD19031}.Debug|Win32.ActiveCfg = Debug|Win32
		{0B733E7C-5751-45FC-ADEA-9B206CD19031}.Debug|Win32.Build.0 = Debug|Win32
		{0B733E7C-5751-45FC-ADEA-9B206CD19031}.Release|Win32.ActiveCfg = Release|Win32
		{0B733E7C-5751-45FC-ADEA-9B206CD19031}.Release|Win32.Build.0 = Release|Win32
		{EEEEB8C7-50DA-476B-BA08-090A0ACC7583}.Debug|Win32.ActiveCfg = Debug|Win32
		{EEEEB8C7-50DA-476B-BA08-090A0ACC7583}.Debug|Win32.Build.0 = Debug|Win32
		{EEEEB8C7-50DA-476B-BA08-090A0ACC7583}.Release|Win32.ActiveCfg = Release|Win32
		{EEEEB8C7-50DA-476B-BA08-090A0ACC7583}.Release|Win32.Build.0 = Release|Win32
		{7615E325-4C91-4D15-AC58-EA2C37A0B1F7}.Debug|Win32.ActiveCfg = Debug|Win32
		{7615E325-4C91-4D15-AC58-EA2C37A0B1F7}.Debug|Win32.Build.0 = Debug|Win32
		{7615E325-4C91-4D15-AC58-EA2C37A0B1F7}.Release|Win32.ActiveCfg = Release|Win32
		{7615E325-4C91-4D15-AC58-EA2C37A0B1F7}.Release|Win32.Build.0 = Release|Win32
		{0E7F04BA-0EE3-4F54-B0F0-51D6920805AD}.Debug|Win32.ActiveCfg = Debug|Win32
		{0E7F04BA-0EE3-4F54-B0F0-51D6920805AD}.Debug|Win32.Build.0 = Debug|Win32
		{0E7F04BA-0EE3-4F54-B0F0-51D6920805AD}.Release|Win32.ActiveCfg = Release|Win32
		{0E7F04BA-0EE3-4F54-B0F0-51D6920805AD}.Release|Win32.Build.0 = Release|Win32
	EndGlobalSection
	GlobalSection(SolutionProperties) = preSolution
		HideSolutionNode = FALSE
	EndGlobalSection
EndGlobal
