
Microsoft Visual Studio Solution File, Format Version 12.00
# Visual Studio 2012
Project("{8BC9CEB8-8B4A-11D0-8D11-00A0C91BC942}") = "1_HelloOpenCV", "1_HelloOpenCV\1_HelloOpenCV.vcxproj", "{0F120EFC-1024-43DC-94DF-92A206718EFB}"
EndProject
Project("{8BC9CEB8-8B4A-11D0-8D11-00A0C91BC942}") = "2_ShowImage", "2_ShowImage\2_ShowImage.vcxproj", "{E9C85D34-E3B5-47E3-9F75-D8E71B2B2931}"
EndProject
Project("{8BC9CEB8-8B4A-11D0-8D11-00A0C91BC942}") = "3_ImageErode", "3_ImageErode\3_ImageErode.vcxproj", "{65FCD21E-B62D-4A5D-947A-613908CD5D1A}"
EndProject
Project("{8BC9CEB8-8B4A-11D0-8D11-00A0C91BC942}") = "4_BlurImage", "3_BlurImage\3_BlurImage.vcxproj", "{DB0CA68A-D598-4404-B69A-0B87EBA1DCF8}"
EndProject
Project("{8BC9CEB8-8B4A-11D0-8D11-00A0C91BC942}") = "5_CannyImage", "5_CannyImage\5_CannyImage.vcxproj", "{0921F6BA-852C-4830-8902-96E1308F174E}"
EndProject
Project("{8BC9CEB8-8B4A-11D0-8D11-00A0C91BC942}") = "6_PlayVideo", "6_PlayVideo\6_PlayVideo.vcxproj", "{CEF9F89C-6BF4-4512-85CF-A69C906E66F2}"
EndProject
Project("{8BC9CEB8-8B4A-11D0-8D11-00A0C91BC942}") = "7_UseCamera", "7_UseCamera\7_UseCamera.vcxproj", "{CFFD4E48-F284-4E99-BCA9-9E56C7347302}"
EndProject
Project("{8BC9CEB8-8B4A-11D0-8D11-00A0C91BC942}") = "8_CamShiftDemo", "8_CamShiftDemo\8_CamShiftDemo.vcxproj", "{1491081B-802F-4EA6-81EF-7E008E581638}"
EndProject
Project("{8BC9CEB8-8B4A-11D0-8D11-00A0C91BC942}") = "9_OpticalFlow", "9_OpticalFlow\9_OpticalFlow.vcxproj", "{A005542E-E62C-4845-ADFE-75963B8CFDC4}"
EndProject
Project("{8BC9CEB8-8B4A-11D0-8D11-00A0C91BC942}") = "10_lkdemo", "10_lkdemo\10_lkdemo.vcxproj", "{EDE13B2D-B7E6-4C64-B0EC-4E2210F191B8}"
EndProject
Project("{8BC9CEB8-8B4A-11D0-8D11-00A0C91BC942}") = "11_ObjectDetection", "11_ObjectDetection\11_ObjectDetection.vcxproj", "{B31D4ECD-F533-428E-9BB6-93F25908EEBB}"
EndProject
Project("{8BC9CEB8-8B4A-11D0-8D11-00A0C91BC942}") = "12_SupportVectorMachines", "12_SupportVectorMachines\12_SupportVectorMachines.vcxproj", "{747434CE-3B21-48A4-819B-0692A7F795FC}"
EndProject
Project("{8BC9CEB8-8B4A-11D0-8D11-00A0C91BC942}") = "13_SVMForNonLinearlySeparableData", "13_SVMForNonLinearlySeparableData\13_SVMForNonLinearlySeparableData.vcxproj", "{8BA11DEF-4253-4210-9732-110215E3E014}"
EndProject
Project("{8BC9CEB8-8B4A-11D0-8D11-00A0C91BC942}") = "15_UseImwrite", "15_UseImwrite\15_UseImwrite.vcxproj", "{CD9E9D52-8B6F-4936-9474-51510701284E}"
EndProject
Project("{8BC9CEB8-8B4A-11D0-8D11-00A0C91BC942}") = "16_LoadShowOutputImage", "16_LoadShowOutputImage\16_LoadShowOutputImage.vcxproj", "{20B12FCC-284C-43A2-94E1-92B2C0D43DCA}"
EndProject
Project("{8BC9CEB8-8B4A-11D0-8D11-00A0C91BC942}") = "17_CreateTrackbar", "17_CreateTrackbar\17_CreateTrackbar.vcxproj", "{1DBE0AEA-CE82-4AF5-ACC4-7041A571BDA6}"
EndProject
Project("{8BC9CEB8-8B4A-11D0-8D11-00A0C91BC942}") = "18_UseMouse", "18_UseMouse\18_UseMouse.vcxproj", "{FDE65A89-BEEE-4663-BDDC-4DD3DCD3F705}"
EndProject
Project("{8BC9CEB8-8B4A-11D0-8D11-00A0C91BC942}") = "19_UseMat", "19_UseMat\19_UseMat.vcxproj", "{08B410D2-9E88-4744-BE2D-35BDAFC27D4F}"
EndProject
Global
	GlobalSection(SolutionConfigurationPlatforms) = preSolution
		Debug|Win32 = Debug|Win32
		Release|Win32 = Release|Win32
	EndGlobalSection
	GlobalSection(ProjectConfigurationPlatforms) = postSolution
		{0F120EFC-1024-43DC-94DF-92A206718EFB}.Debug|Win32.ActiveCfg = Debug|Win32
		{0F120EFC-1024-43DC-94DF-92A206718EFB}.Debug|Win32.Build.0 = Debug|Win32
		{0F120EFC-1024-43DC-94DF-92A206718EFB}.Release|Win32.ActiveCfg = Release|Win32
		{0F120EFC-1024-43DC-94DF-92A206718EFB}.Release|Win32.Build.0 = Release|Win32
		{E9C85D34-E3B5-47E3-9F75-D8E71B2B2931}.Debug|Win32.ActiveCfg = Debug|Win32
		{E9C85D34-E3B5-47E3-9F75-D8E71B2B2931}.Debug|Win32.Build.0 = Debug|Win32
		{E9C85D34-E3B5-47E3-9F75-D8E71B2B2931}.Release|Win32.ActiveCfg = Release|Win32
		{E9C85D34-E3B5-47E3-9F75-D8E71B2B2931}.Release|Win32.Build.0 = Release|Win32
		{65FCD21E-B62D-4A5D-947A-613908CD5D1A}.Debug|Win32.ActiveCfg = Debug|Win32
		{65FCD21E-B62D-4A5D-947A-613908CD5D1A}.Debug|Win32.Build.0 = Debug|Win32
		{65FCD21E-B62D-4A5D-947A-613908CD5D1A}.Release|Win32.ActiveCfg = Release|Win32
		{65FCD21E-B62D-4A5D-947A-613908CD5D1A}.Release|Win32.Build.0 = Release|Win32
		{DB0CA68A-D598-4404-B69A-0B87EBA1DCF8}.Debug|Win32.ActiveCfg = Debug|Win32
		{DB0CA68A-D598-4404-B69A-0B87EBA1DCF8}.Debug|Win32.Build.0 = Debug|Win32
		{DB0CA68A-D598-4404-B69A-0B87EBA1DCF8}.Release|Win32.ActiveCfg = Release|Win32
		{DB0CA68A-D598-4404-B69A-0B87EBA1DCF8}.Release|Win32.Build.0 = Release|Win32
		{0921F6BA-852C-4830-8902-96E1308F174E}.Debug|Win32.ActiveCfg = Debug|Win32
		{0921F6BA-852C-4830-8902-96E1308F174E}.Debug|Win32.Build.0 = Debug|Win32
		{0921F6BA-852C-4830-8902-96E1308F174E}.Release|Win32.ActiveCfg = Release|Win32
		{0921F6BA-852C-4830-8902-96E1308F174E}.Release|Win32.Build.0 = Release|Win32
		{CEF9F89C-6BF4-4512-85CF-A69C906E66F2}.Debug|Win32.ActiveCfg = Debug|Win32
		{CEF9F89C-6BF4-4512-85CF-A69C906E66F2}.Debug|Win32.Build.0 = Debug|Win32
		{CEF9F89C-6BF4-4512-85CF-A69C906E66F2}.Release|Win32.ActiveCfg = Release|Win32
		{CEF9F89C-6BF4-4512-85CF-A69C906E66F2}.Release|Win32.Build.0 = Release|Win32
		{CFFD4E48-F284-4E99-BCA9-9E56C7347302}.Debug|Win32.ActiveCfg = Debug|Win32
		{CFFD4E48-F284-4E99-BCA9-9E56C7347302}.Debug|Win32.Build.0 = Debug|Win32
		{CFFD4E48-F284-4E99-BCA9-9E56C7347302}.Release|Win32.ActiveCfg = Release|Win32
		{CFFD4E48-F284-4E99-BCA9-9E56C7347302}.Release|Win32.Build.0 = Release|Win32
		{1491081B-802F-4EA6-81EF-7E008E581638}.Debug|Win32.ActiveCfg = Debug|Win32
		{1491081B-802F-4EA6-81EF-7E008E581638}.Debug|Win32.Build.0 = Debug|Win32
		{1491081B-802F-4EA6-81EF-7E008E581638}.Release|Win32.ActiveCfg = Release|Win32
		{1491081B-802F-4EA6-81EF-7E008E581638}.Release|Win32.Build.0 = Release|Win32
		{A005542E-E62C-4845-ADFE-75963B8CFDC4}.Debug|Win32.ActiveCfg = Debug|Win32
		{A005542E-E62C-4845-ADFE-75963B8CFDC4}.Debug|Win32.Build.0 = Debug|Win32
		{A005542E-E62C-4845-ADFE-75963B8CFDC4}.Release|Win32.ActiveCfg = Release|Win32
		{A005542E-E62C-4845-ADFE-75963B8CFDC4}.Release|Win32.Build.0 = Release|Win32
		{EDE13B2D-B7E6-4C64-B0EC-4E2210F191B8}.Debug|Win32.ActiveCfg = Debug|Win32
		{EDE13B2D-B7E6-4C64-B0EC-4E2210F191B8}.Debug|Win32.Build.0 = Debug|Win32
		{EDE13B2D-B7E6-4C64-B0EC-4E2210F191B8}.Release|Win32.ActiveCfg = Release|Win32
		{EDE13B2D-B7E6-4C64-B0EC-4E2210F191B8}.Release|Win32.Build.0 = Release|Win32
		{B31D4ECD-F533-428E-9BB6-93F25908EEBB}.Debug|Win32.ActiveCfg = Debug|Win32
		{B31D4ECD-F533-428E-9BB6-93F25908EEBB}.Debug|Win32.Build.0 = Debug|Win32
		{B31D4ECD-F533-428E-9BB6-93F25908EEBB}.Release|Win32.ActiveCfg = Release|Win32
		{B31D4ECD-F533-428E-9BB6-93F25908EEBB}.Release|Win32.Build.0 = Release|Win32
		{747434CE-3B21-48A4-819B-0692A7F795FC}.Debug|Win32.ActiveCfg = Debug|Win32
		{747434CE-3B21-48A4-819B-0692A7F795FC}.Debug|Win32.Build.0 = Debug|Win32
		{747434CE-3B21-48A4-819B-0692A7F795FC}.Release|Win32.ActiveCfg = Release|Win32
		{747434CE-3B21-48A4-819B-0692A7F795FC}.Release|Win32.Build.0 = Release|Win32
		{8BA11DEF-4253-4210-9732-110215E3E014}.Debug|Win32.ActiveCfg = Debug|Win32
		{8BA11DEF-4253-4210-9732-110215E3E014}.Debug|Win32.Build.0 = Debug|Win32
		{8BA11DEF-4253-4210-9732-110215E3E014}.Release|Win32.ActiveCfg = Release|Win32
		{8BA11DEF-4253-4210-9732-110215E3E014}.Release|Win32.Build.0 = Release|Win32
		{CD9E9D52-8B6F-4936-9474-51510701284E}.Debug|Win32.ActiveCfg = Debug|Win32
		{CD9E9D52-8B6F-4936-9474-51510701284E}.Debug|Win32.Build.0 = Debug|Win32
		{CD9E9D52-8B6F-4936-9474-51510701284E}.Release|Win32.ActiveCfg = Release|Win32
		{CD9E9D52-8B6F-4936-9474-51510701284E}.Release|Win32.Build.0 = Release|Win32
		{20B12FCC-284C-43A2-94E1-92B2C0D43DCA}.Debug|Win32.ActiveCfg = Debug|Win32
		{20B12FCC-284C-43A2-94E1-92B2C0D43DCA}.Debug|Win32.Build.0 = Debug|Win32
		{20B12FCC-284C-43A2-94E1-92B2C0D43DCA}.Release|Win32.ActiveCfg = Release|Win32
		{20B12FCC-284C-43A2-94E1-92B2C0D43DCA}.Release|Win32.Build.0 = Release|Win32
		{1DBE0AEA-CE82-4AF5-ACC4-7041A571BDA6}.Debug|Win32.ActiveCfg = Debug|Win32
		{1DBE0AEA-CE82-4AF5-ACC4-7041A571BDA6}.Debug|Win32.Build.0 = Debug|Win32
		{1DBE0AEA-CE82-4AF5-ACC4-7041A571BDA6}.Release|Win32.ActiveCfg = Release|Win32
		{1DBE0AEA-CE82-4AF5-ACC4-7041A571BDA6}.Release|Win32.Build.0 = Release|Win32
		{FDE65A89-BEEE-4663-BDDC-4DD3DCD3F705}.Debug|Win32.ActiveCfg = Debug|Win32
		{FDE65A89-BEEE-4663-BDDC-4DD3DCD3F705}.Debug|Win32.Build.0 = Debug|Win32
		{FDE65A89-BEEE-4663-BDDC-4DD3DCD3F705}.Release|Win32.ActiveCfg = Release|Win32
		{FDE65A89-BEEE-4663-BDDC-4DD3DCD3F705}.Release|Win32.Build.0 = Release|Win32
		{08B410D2-9E88-4744-BE2D-35BDAFC27D4F}.Debug|Win32.ActiveCfg = Debug|Win32
		{08B410D2-9E88-4744-BE2D-35BDAFC27D4F}.Debug|Win32.Build.0 = Debug|Win32
		{08B410D2-9E88-4744-BE2D-35BDAFC27D4F}.Release|Win32.ActiveCfg = Release|Win32
		{08B410D2-9E88-4744-BE2D-35BDAFC27D4F}.Release|Win32.Build.0 = Release|Win32
	EndGlobalSection
	GlobalSection(SolutionProperties) = preSolution
		HideSolutionNode = FALSE
	EndGlobalSection
EndGlobal
